
Microsoft Visual Studio Solution File, Format Version 12.00
# Visual Studio Version 17
VisualStudioVersion = 17.8.34316.72
MinimumVisualStudioVersion = 10.0.40219.1
Project("{9A19103F-16F7-4668-BE54-9A1E7A4F7556}") = "Emitter", "Emitter\Emitter.csproj", "{A7A8849C-C195-45C0-9DCC-2F000A9F91E4}"
EndProject
Project("{9A19103F-16F7-4668-BE54-9A1E7A4F7556}") = "Client", "Client\Client.csproj", "{1DD6ED7A-B99D-4349-899B-B800AB54256B}"
EndProject
Global
	GlobalSection(SolutionConfigurationPlatforms) = preSolution
		Debug|Any CPU = Debug|Any CPU
		Release|Any CPU = Release|Any CPU
	EndGlobalSection
	GlobalSection(ProjectConfigurationPlatforms) = postSolution
		{A7A8849C-C195-45C0-9DCC-2F000A9F91E4}.Debug|Any CPU.ActiveCfg = Debug|Any CPU
		{A7A8849C-C195-45C0-9DCC-2F000A9F91E4}.Debug|Any CPU.Build.0 = Debug|Any CPU
		{A7A8849C-C195-45C0-9DCC-2F000A9F91E4}.Release|Any CPU.ActiveCfg = Release|Any CPU
		{A7A8849C-C195-45C0-9DCC-2F000A9F91E4}.Release|Any CPU.Build.0 = Release|Any CPU
		{1DD6ED7A-B99D-4349-899B-B800AB54256B}.Debug|Any CPU.ActiveCfg = Debug|Any CPU
		{1DD6ED7A-B99D-4349-899B-B800AB54256B}.Debug|Any CPU.Build.0 = Debug|Any CPU
		{1DD6ED7A-B99D-4349-899B-B800AB54256B}.Release|Any CPU.ActiveCfg = Release|Any CPU
		{1DD6ED7A-B99D-4349-899B-B800AB54256B}.Release|Any CPU.Build.0 = Release|Any CPU
	EndGlobalSection
	GlobalSection(SolutionProperties) = preSolution
		HideSolutionNode = FALSE
	EndGlobalSection
	GlobalSection(ExtensibilityGlobals) = postSolution
		SolutionGuid = {E7608498-0EF7-40BD-A107-52D939CB42A4}
	EndGlobalSection
EndGlobal
